
Microsoft Visual Studio Solution File, Format Version 12.00
# Visual Studio Version 16
VisualStudioVersion = 16.0.30611.23
MinimumVisualStudioVersion = 10.0.40219.1
Project("{FAE04EC0-301F-11D3-BF4B-00C04F79EFBC}") = "AntennaCompare", "AntennaCompare.csproj", "{3B606848-B711-4F89-B61F-FE9CEA4467FE}"
EndProject
Project("{54435603-DBB4-11D2-8724-00A0C9A8B90C}") = "Antenna Compare Setup", "Setup1\Setup1.vdproj", "{81ED0819-FE37-47AA-8EE1-D98D5D26B3F0}"
EndProject
Global
	GlobalSection(SolutionConfigurationPlatforms) = preSolution
		Debug|Any CPU = Debug|Any CPU
		Release|Any CPU = Release|Any CPU
	EndGlobalSection
	GlobalSection(ProjectConfigurationPlatforms) = postSolution
		{3B606848-B711-4F89-B61F-FE9CEA4467FE}.Debug|Any CPU.ActiveCfg = Debug|Any CPU
		{3B606848-B711-4F89-B61F-FE9CEA4467FE}.Debug|Any CPU.Build.0 = Debug|Any CPU
		{3B606848-B711-4F89-B61F-FE9CEA4467FE}.Release|Any CPU.ActiveCfg = Release|Any CPU
		{3B606848-B711-4F89-B61F-FE9CEA4467FE}.Release|Any CPU.Build.0 = Release|Any CPU
		{81ED0819-FE37-47AA-8EE1-D98D5D26B3F0}.Debug|Any CPU.ActiveCfg = Release
		{81ED0819-FE37-47AA-8EE1-D98D5D26B3F0}.Release|Any CPU.ActiveCfg = Release
		{81ED0819-FE37-47AA-8EE1-D98D5D26B3F0}.Release|Any CPU.Build.0 = Release
	EndGlobalSection
	GlobalSection(SolutionProperties) = preSolution
		HideSolutionNode = FALSE
	EndGlobalSection
	GlobalSection(ExtensibilityGlobals) = postSolution
		SolutionGuid = {49E8DCA6-196A-49D7-B07C-7CB160950B5B}
	EndGlobalSection
EndGlobal
